
Microsoft Visual Studio Solution File, Format Version 12.00
# Visual Studio Version 16
VisualStudioVersion = 16.0.32126.315
MinimumVisualStudioVersion = 10.0.40219.1
Project("{8BC9CEB8-8B4A-11D0-8D11-00A0C91BC942}") = "Intensive_practice_04_04", "Intensive_practice_04_04\Intensive_practice_04_04.vcxproj", "{C8AC92F2-4369-4AC5-A6AE-FA2B9F9F3894}"
EndProject
Global
	GlobalSection(SolutionConfigurationPlatforms) = preSolution
		Debug|x64 = Debug|x64
		Debug|x86 = Debug|x86
		Release|x64 = Release|x64
		Release|x86 = Release|x86
	EndGlobalSection
	GlobalSection(ProjectConfigurationPlatforms) = postSolution
		{C8AC92F2-4369-4AC5-A6AE-FA2B9F9F3894}.Debug|x64.ActiveCfg = Debug|x64
		{C8AC92F2-4369-4AC5-A6AE-FA2B9F9F3894}.Debug|x64.Build.0 = Debug|x64
		{C8AC92F2-4369-4AC5-A6AE-FA2B9F9F3894}.Debug|x86.ActiveCfg = Debug|Win32
		{C8AC92F2-4369-4AC5-A6AE-FA2B9F9F3894}.Debug|x86.Build.0 = Debug|Win32
		{C8AC92F2-4369-4AC5-A6AE-FA2B9F9F3894}.Release|x64.ActiveCfg = Release|x64
		{C8AC92F2-4369-4AC5-A6AE-FA2B9F9F3894}.Release|x64.Build.0 = Release|x64
		{C8AC92F2-4369-4AC5-A6AE-FA2B9F9F3894}.Release|x86.ActiveCfg = Release|Win32
		{C8AC92F2-4369-4AC5-A6AE-FA2B9F9F3894}.Release|x86.Build.0 = Release|Win32
	EndGlobalSection
	GlobalSection(SolutionProperties) = preSolution
		HideSolutionNode = FALSE
	EndGlobalSection
	GlobalSection(ExtensibilityGlobals) = postSolution
		SolutionGuid = {51583727-FC7E-4DC0-8107-0D912EA0D53C}
	EndGlobalSection
EndGlobal
